
Microsoft Visual Studio Solution File, Format Version 12.00
# Visual Studio Version 17
VisualStudioVersion = 17.0.31903.59
MinimumVisualStudioVersion = 10.0.40219.1
Project("{2150E333-8FDC-42A3-9474-1A3956D46DE8}") = "src", "src", "{827E0CD3-B72D-47B6-A68D-7590B98EB39B}"
EndProject
Project("{2150E333-8FDC-42A3-9474-1A3956D46DE8}") = "ContaCorrente", "ContaCorrente", "{1526D96C-3DCC-D988-3E6C-ADC13780DF33}"
EndProject
Project("{FAE04EC0-301F-11D3-BF4B-00C04F79EFBC}") = "ContaCorrente.API", "src\ContaCorrente\ContaCorrente.API\ContaCorrente.API.csproj", "{1FBA6C63-7FB2-4D02-A0AA-ECF2C8EC309D}"
EndProject
Project("{FAE04EC0-301F-11D3-BF4B-00C04F79EFBC}") = "ContaCorrente.Domain", "src\ContaCorrente\ContaCorrente.Domain\ContaCorrente.Domain.csproj", "{8C1836D2-EB19-4E5E-9310-52037619843F}"
EndProject
Project("{FAE04EC0-301F-11D3-BF4B-00C04F79EFBC}") = "ContaCorrente.Application", "src\ContaCorrente\ContaCorrente.Application\ContaCorrente.Application.csproj", "{7659ED97-4D68-4E70-A782-D6DED0FC9E13}"
EndProject
Project("{FAE04EC0-301F-11D3-BF4B-00C04F79EFBC}") = "ContaCorrente.Infrastructure", "src\ContaCorrente\ContaCorrente.Infrastructure\ContaCorrente.Infrastructure.csproj", "{06B3C538-DFA3-43D1-88B1-49F0EC59DDDD}"
EndProject
Project("{FAE04EC0-301F-11D3-BF4B-00C04F79EFBC}") = "ContaCorrente.Tests", "src\ContaCorrente\ContaCorrente.Tests\ContaCorrente.Tests.csproj", "{B43EA651-866D-42C1-9BB4-94BDDBDD27CF}"
EndProject
Project("{FAE04EC0-301F-11D3-BF4B-00C04F79EFBC}") = "Transferencia.API", "src\Transferencia\Transferencia.API\Transferencia.API.csproj", "{98828C1A-96F5-4092-90CE-8E82B7AE854E}"
EndProject
Project("{FAE04EC0-301F-11D3-BF4B-00C04F79EFBC}") = "Transferencia.Domain", "src\Transferencia\Transferencia.Domain\Transferencia.Domain.csproj", "{F159EB2B-A552-482F-BE3F-BC982E0898B1}"
EndProject
Project("{FAE04EC0-301F-11D3-BF4B-00C04F79EFBC}") = "Transferencia.Application", "src\Transferencia\Transferencia.Application\Transferencia.Application.csproj", "{1C21E628-44E7-440C-83B5-CDF2DE236824}"
EndProject
Project("{FAE04EC0-301F-11D3-BF4B-00C04F79EFBC}") = "Transferencia.Infrastructure", "src\Transferencia\Transferencia.Infrastructure\Transferencia.Infrastructure.csproj", "{DE9F1B63-F1E9-4E8D-BC2D-732AB41A7CC3}"
EndProject
Project("{FAE04EC0-301F-11D3-BF4B-00C04F79EFBC}") = "Transferencia.Tests", "src\Transferencia\Transferencia.Tests\Transferencia.Tests.csproj", "{4D265818-09B8-4507-ABEA-F02FDF584E47}"
EndProject
Project("{FAE04EC0-301F-11D3-BF4B-00C04F79EFBC}") = "Tarifas.Domain", "src\Tarifas\Tarifas.Domain\Tarifas.Domain.csproj", "{68759505-C0EE-4F6F-94F9-E5DAAAB1E2FC}"
EndProject
Project("{FAE04EC0-301F-11D3-BF4B-00C04F79EFBC}") = "Tarifas.Application", "src\Tarifas\Tarifas.Application\Tarifas.Application.csproj", "{AA03DA27-2519-4B73-B29A-B7F33E415528}"
EndProject
Project("{FAE04EC0-301F-11D3-BF4B-00C04F79EFBC}") = "Tarifas.Infrastructure", "src\Tarifas\Tarifas.Infrastructure\Tarifas.Infrastructure.csproj", "{F57CEF23-1AFC-4146-B013-F6FE2BDA3621}"
EndProject
Project("{FAE04EC0-301F-11D3-BF4B-00C04F79EFBC}") = "Tarifas.Tests", "src\Tarifas\Tarifas.Tests\Tarifas.Tests.csproj", "{4E91FF7A-4A01-4ADA-A5E8-F63D60E4520C}"
EndProject
Project("{2150E333-8FDC-42A3-9474-1A3956D46DE8}") = "Transferencia", "Transferencia", "{02EA681E-C7D8-13C7-8484-4AC65E1B71E8}"
EndProject
Project("{2150E333-8FDC-42A3-9474-1A3956D46DE8}") = "Tarifas", "Tarifas", "{6BB9E5B8-D8F4-476C-9AB3-FCEFEBF8F70A}"
EndProject
Project("{2150E333-8FDC-42A3-9474-1A3956D46DE8}") = "Solution Items", "Solution Items", "{8EC462FD-D22E-90A8-E5CE-7E832BA40C5D}"
	ProjectSection(SolutionItems) = preProject
		.gitignore = .gitignore
		.github\copilot-instructions.md = .github\copilot-instructions.md
	EndProjectSection
EndProject
Project("{FAE04EC0-301F-11D3-BF4B-00C04F79EFBC}") = "SharedKernel", "src\SharedKernel\SharedKernel.csproj", "{D1DA9BB8-A31F-5E76-AEF9-E74FC07EBD54}"
EndProject
Project("{FAE04EC0-301F-11D3-BF4B-00C04F79EFBC}") = "Tarifas.Subscriber", "src\Tarifas\Tarifas.Subscriber\Tarifas.Subscriber.csproj", "{3A751856-CA45-4979-B044-E2F3281C6AFF}"
EndProject
Global
	GlobalSection(SolutionConfigurationPlatforms) = preSolution
		Debug|Any CPU = Debug|Any CPU
		Debug|x64 = Debug|x64
		Debug|x86 = Debug|x86
		Release|Any CPU = Release|Any CPU
		Release|x64 = Release|x64
		Release|x86 = Release|x86
	EndGlobalSection
	GlobalSection(ProjectConfigurationPlatforms) = postSolution
		{1FBA6C63-7FB2-4D02-A0AA-ECF2C8EC309D}.Debug|Any CPU.ActiveCfg = Debug|Any CPU
		{1FBA6C63-7FB2-4D02-A0AA-ECF2C8EC309D}.Debug|Any CPU.Build.0 = Debug|Any CPU
		{1FBA6C63-7FB2-4D02-A0AA-ECF2C8EC309D}.Debug|x64.ActiveCfg = Debug|Any CPU
		{1FBA6C63-7FB2-4D02-A0AA-ECF2C8EC309D}.Debug|x64.Build.0 = Debug|Any CPU
		{1FBA6C63-7FB2-4D02-A0AA-ECF2C8EC309D}.Debug|x86.ActiveCfg = Debug|Any CPU
		{1FBA6C63-7FB2-4D02-A0AA-ECF2C8EC309D}.Debug|x86.Build.0 = Debug|Any CPU
		{1FBA6C63-7FB2-4D02-A0AA-ECF2C8EC309D}.Release|Any CPU.ActiveCfg = Release|Any CPU
		{1FBA6C63-7FB2-4D02-A0AA-ECF2C8EC309D}.Release|Any CPU.Build.0 = Release|Any CPU
		{1FBA6C63-7FB2-4D02-A0AA-ECF2C8EC309D}.Release|x64.ActiveCfg = Release|Any CPU
		{1FBA6C63-7FB2-4D02-A0AA-ECF2C8EC309D}.Release|x64.Build.0 = Release|Any CPU
		{1FBA6C63-7FB2-4D02-A0AA-ECF2C8EC309D}.Release|x86.ActiveCfg = Release|Any CPU
		{1FBA6C63-7FB2-4D02-A0AA-ECF2C8EC309D}.Release|x86.Build.0 = Release|Any CPU
		{8C1836D2-EB19-4E5E-9310-52037619843F}.Debug|Any CPU.ActiveCfg = Debug|Any CPU
		{8C1836D2-EB19-4E5E-9310-52037619843F}.Debug|Any CPU.Build.0 = Debug|Any CPU
		{8C1836D2-EB19-4E5E-9310-52037619843F}.Debug|x64.ActiveCfg = Debug|Any CPU
		{8C1836D2-EB19-4E5E-9310-52037619843F}.Debug|x64.Build.0 = Debug|Any CPU
		{8C1836D2-EB19-4E5E-9310-52037619843F}.Debug|x86.ActiveCfg = Debug|Any CPU
		{8C1836D2-EB19-4E5E-9310-52037619843F}.Debug|x86.Build.0 = Debug|Any CPU
		{8C1836D2-EB19-4E5E-9310-52037619843F}.Release|Any CPU.ActiveCfg = Release|Any CPU
		{8C1836D2-EB19-4E5E-9310-52037619843F}.Release|Any CPU.Build.0 = Release|Any CPU
		{8C1836D2-EB19-4E5E-9310-52037619843F}.Release|x64.ActiveCfg = Release|Any CPU
		{8C1836D2-EB19-4E5E-9310-52037619843F}.Release|x64.Build.0 = Release|Any CPU
		{8C1836D2-EB19-4E5E-9310-52037619843F}.Release|x86.ActiveCfg = Release|Any CPU
		{8C1836D2-EB19-4E5E-9310-52037619843F}.Release|x86.Build.0 = Release|Any CPU
		{7659ED97-4D68-4E70-A782-D6DED0FC9E13}.Debug|Any CPU.ActiveCfg = Debug|Any CPU
		{7659ED97-4D68-4E70-A782-D6DED0FC9E13}.Debug|Any CPU.Build.0 = Debug|Any CPU
		{7659ED97-4D68-4E70-A782-D6DED0FC9E13}.Debug|x64.ActiveCfg = Debug|Any CPU
		{7659ED97-4D68-4E70-A782-D6DED0FC9E13}.Debug|x64.Build.0 = Debug|Any CPU
		{7659ED97-4D68-4E70-A782-D6DED0FC9E13}.Debug|x86.ActiveCfg = Debug|Any CPU
		{7659ED97-4D68-4E70-A782-D6DED0FC9E13}.Debug|x86.Build.0 = Debug|Any CPU
		{7659ED97-4D68-4E70-A782-D6DED0FC9E13}.Release|Any CPU.ActiveCfg = Release|Any CPU
		{7659ED97-4D68-4E70-A782-D6DED0FC9E13}.Release|Any CPU.Build.0 = Release|Any CPU
		{7659ED97-4D68-4E70-A782-D6DED0FC9E13}.Release|x64.ActiveCfg = Release|Any CPU
		{7659ED97-4D68-4E70-A782-D6DED0FC9E13}.Release|x64.Build.0 = Release|Any CPU
		{7659ED97-4D68-4E70-A782-D6DED0FC9E13}.Release|x86.ActiveCfg = Release|Any CPU
		{7659ED97-4D68-4E70-A782-D6DED0FC9E13}.Release|x86.Build.0 = Release|Any CPU
		{06B3C538-DFA3-43D1-88B1-49F0EC59DDDD}.Debug|Any CPU.ActiveCfg = Debug|Any CPU
		{06B3C538-DFA3-43D1-88B1-49F0EC59DDDD}.Debug|Any CPU.Build.0 = Debug|Any CPU
		{06B3C538-DFA3-43D1-88B1-49F0EC59DDDD}.Debug|x64.ActiveCfg = Debug|Any CPU
		{06B3C538-DFA3-43D1-88B1-49F0EC59DDDD}.Debug|x64.Build.0 = Debug|Any CPU
		{06B3C538-DFA3-43D1-88B1-49F0EC59DDDD}.Debug|x86.ActiveCfg = Debug|Any CPU
		{06B3C538-DFA3-43D1-88B1-49F0EC59DDDD}.Debug|x86.Build.0 = Debug|Any CPU
		{06B3C538-DFA3-43D1-88B1-49F0EC59DDDD}.Release|Any CPU.ActiveCfg = Release|Any CPU
		{06B3C538-DFA3-43D1-88B1-49F0EC59DDDD}.Release|Any CPU.Build.0 = Release|Any CPU
		{06B3C538-DFA3-43D1-88B1-49F0EC59DDDD}.Release|x64.ActiveCfg = Release|Any CPU
		{06B3C538-DFA3-43D1-88B1-49F0EC59DDDD}.Release|x64.Build.0 = Release|Any CPU
		{06B3C538-DFA3-43D1-88B1-49F0EC59DDDD}.Release|x86.ActiveCfg = Release|Any CPU
		{06B3C538-DFA3-43D1-88B1-49F0EC59DDDD}.Release|x86.Build.0 = Release|Any CPU
		{B43EA651-866D-42C1-9BB4-94BDDBDD27CF}.Debug|Any CPU.ActiveCfg = Debug|Any CPU
		{B43EA651-866D-42C1-9BB4-94BDDBDD27CF}.Debug|Any CPU.Build.0 = Debug|Any CPU
		{B43EA651-866D-42C1-9BB4-94BDDBDD27CF}.Debug|x64.ActiveCfg = Debug|Any CPU
		{B43EA651-866D-42C1-9BB4-94BDDBDD27CF}.Debug|x64.Build.0 = Debug|Any CPU
		{B43EA651-866D-42C1-9BB4-94BDDBDD27CF}.Debug|x86.ActiveCfg = Debug|Any CPU
		{B43EA651-866D-42C1-9BB4-94BDDBDD27CF}.Debug|x86.Build.0 = Debug|Any CPU
		{B43EA651-866D-42C1-9BB4-94BDDBDD27CF}.Release|Any CPU.ActiveCfg = Release|Any CPU
		{B43EA651-866D-42C1-9BB4-94BDDBDD27CF}.Release|Any CPU.Build.0 = Release|Any CPU
		{B43EA651-866D-42C1-9BB4-94BDDBDD27CF}.Release|x64.ActiveCfg = Release|Any CPU
		{B43EA651-866D-42C1-9BB4-94BDDBDD27CF}.Release|x64.Build.0 = Release|Any CPU
		{B43EA651-866D-42C1-9BB4-94BDDBDD27CF}.Release|x86.ActiveCfg = Release|Any CPU
		{B43EA651-866D-42C1-9BB4-94BDDBDD27CF}.Release|x86.Build.0 = Release|Any CPU
		{98828C1A-96F5-4092-90CE-8E82B7AE854E}.Debug|Any CPU.ActiveCfg = Debug|Any CPU
		{98828C1A-96F5-4092-90CE-8E82B7AE854E}.Debug|Any CPU.Build.0 = Debug|Any CPU
		{98828C1A-96F5-4092-90CE-8E82B7AE854E}.Debug|x64.ActiveCfg = Debug|Any CPU
		{98828C1A-96F5-4092-90CE-8E82B7AE854E}.Debug|x64.Build.0 = Debug|Any CPU
		{98828C1A-96F5-4092-90CE-8E82B7AE854E}.Debug|x86.ActiveCfg = Debug|Any CPU
		{98828C1A-96F5-4092-90CE-8E82B7AE854E}.Debug|x86.Build.0 = Debug|Any CPU
		{98828C1A-96F5-4092-90CE-8E82B7AE854E}.Release|Any CPU.ActiveCfg = Release|Any CPU
		{98828C1A-96F5-4092-90CE-8E82B7AE854E}.Release|Any CPU.Build.0 = Release|Any CPU
		{98828C1A-96F5-4092-90CE-8E82B7AE854E}.Release|x64.ActiveCfg = Release|Any CPU
		{98828C1A-96F5-4092-90CE-8E82B7AE854E}.Release|x64.Build.0 = Release|Any CPU
		{98828C1A-96F5-4092-90CE-8E82B7AE854E}.Release|x86.ActiveCfg = Release|Any CPU
		{98828C1A-96F5-4092-90CE-8E82B7AE854E}.Release|x86.Build.0 = Release|Any CPU
		{F159EB2B-A552-482F-BE3F-BC982E0898B1}.Debug|Any CPU.ActiveCfg = Debug|Any CPU
		{F159EB2B-A552-482F-BE3F-BC982E0898B1}.Debug|Any CPU.Build.0 = Debug|Any CPU
		{F159EB2B-A552-482F-BE3F-BC982E0898B1}.Debug|x64.ActiveCfg = Debug|Any CPU
		{F159EB2B-A552-482F-BE3F-BC982E0898B1}.Debug|x64.Build.0 = Debug|Any CPU
		{F159EB2B-A552-482F-BE3F-BC982E0898B1}.Debug|x86.ActiveCfg = Debug|Any CPU
		{F159EB2B-A552-482F-BE3F-BC982E0898B1}.Debug|x86.Build.0 = Debug|Any CPU
		{F159EB2B-A552-482F-BE3F-BC982E0898B1}.Release|Any CPU.ActiveCfg = Release|Any CPU
		{F159EB2B-A552-482F-BE3F-BC982E0898B1}.Release|Any CPU.Build.0 = Release|Any CPU
		{F159EB2B-A552-482F-BE3F-BC982E0898B1}.Release|x64.ActiveCfg = Release|Any CPU
		{F159EB2B-A552-482F-BE3F-BC982E0898B1}.Release|x64.Build.0 = Release|Any CPU
		{F159EB2B-A552-482F-BE3F-BC982E0898B1}.Release|x86.ActiveCfg = Release|Any CPU
		{F159EB2B-A552-482F-BE3F-BC982E0898B1}.Release|x86.Build.0 = Release|Any CPU
		{1C21E628-44E7-440C-83B5-CDF2DE236824}.Debug|Any CPU.ActiveCfg = Debug|Any CPU
		{1C21E628-44E7-440C-83B5-CDF2DE236824}.Debug|Any CPU.Build.0 = Debug|Any CPU
		{1C21E628-44E7-440C-83B5-CDF2DE236824}.Debug|x64.ActiveCfg = Debug|Any CPU
		{1C21E628-44E7-440C-83B5-CDF2DE236824}.Debug|x64.Build.0 = Debug|Any CPU
		{1C21E628-44E7-440C-83B5-CDF2DE236824}.Debug|x86.ActiveCfg = Debug|Any CPU
		{1C21E628-44E7-440C-83B5-CDF2DE236824}.Debug|x86.Build.0 = Debug|Any CPU
		{1C21E628-44E7-440C-83B5-CDF2DE236824}.Release|Any CPU.ActiveCfg = Release|Any CPU
		{1C21E628-44E7-440C-83B5-CDF2DE236824}.Release|Any CPU.Build.0 = Release|Any CPU
		{1C21E628-44E7-440C-83B5-CDF2DE236824}.Release|x64.ActiveCfg = Release|Any CPU
		{1C21E628-44E7-440C-83B5-CDF2DE236824}.Release|x64.Build.0 = Release|Any CPU
		{1C21E628-44E7-440C-83B5-CDF2DE236824}.Release|x86.ActiveCfg = Release|Any CPU
		{1C21E628-44E7-440C-83B5-CDF2DE236824}.Release|x86.Build.0 = Release|Any CPU
		{DE9F1B63-F1E9-4E8D-BC2D-732AB41A7CC3}.Debug|Any CPU.ActiveCfg = Debug|Any CPU
		{DE9F1B63-F1E9-4E8D-BC2D-732AB41A7CC3}.Debug|Any CPU.Build.0 = Debug|Any CPU
		{DE9F1B63-F1E9-4E8D-BC2D-732AB41A7CC3}.Debug|x64.ActiveCfg = Debug|Any CPU
		{DE9F1B63-F1E9-4E8D-BC2D-732AB41A7CC3}.Debug|x64.Build.0 = Debug|Any CPU
		{DE9F1B63-F1E9-4E8D-BC2D-732AB41A7CC3}.Debug|x86.ActiveCfg = Debug|Any CPU
		{DE9F1B63-F1E9-4E8D-BC2D-732AB41A7CC3}.Debug|x86.Build.0 = Debug|Any CPU
		{DE9F1B63-F1E9-4E8D-BC2D-732AB41A7CC3}.Release|Any CPU.ActiveCfg = Release|Any CPU
		{DE9F1B63-F1E9-4E8D-BC2D-732AB41A7CC3}.Release|Any CPU.Build.0 = Release|Any CPU
		{DE9F1B63-F1E9-4E8D-BC2D-732AB41A7CC3}.Release|x64.ActiveCfg = Release|Any CPU
		{DE9F1B63-F1E9-4E8D-BC2D-732AB41A7CC3}.Release|x64.Build.0 = Release|Any CPU
		{DE9F1B63-F1E9-4E8D-BC2D-732AB41A7CC3}.Release|x86.ActiveCfg = Release|Any CPU
		{DE9F1B63-F1E9-4E8D-BC2D-732AB41A7CC3}.Release|x86.Build.0 = Release|Any CPU
		{4D265818-09B8-4507-ABEA-F02FDF584E47}.Debug|Any CPU.ActiveCfg = Debug|Any CPU
		{4D265818-09B8-4507-ABEA-F02FDF584E47}.Debug|Any CPU.Build.0 = Debug|Any CPU
		{4D265818-09B8-4507-ABEA-F02FDF584E47}.Debug|x64.ActiveCfg = Debug|Any CPU
		{4D265818-09B8-4507-ABEA-F02FDF584E47}.Debug|x64.Build.0 = Debug|Any CPU
		{4D265818-09B8-4507-ABEA-F02FDF584E47}.Debug|x86.ActiveCfg = Debug|Any CPU
		{4D265818-09B8-4507-ABEA-F02FDF584E47}.Debug|x86.Build.0 = Debug|Any CPU
		{4D265818-09B8-4507-ABEA-F02FDF584E47}.Release|Any CPU.ActiveCfg = Release|Any CPU
		{4D265818-09B8-4507-ABEA-F02FDF584E47}.Release|Any CPU.Build.0 = Release|Any CPU
		{4D265818-09B8-4507-ABEA-F02FDF584E47}.Release|x64.ActiveCfg = Release|Any CPU
		{4D265818-09B8-4507-ABEA-F02FDF584E47}.Release|x64.Build.0 = Release|Any CPU
		{4D265818-09B8-4507-ABEA-F02FDF584E47}.Release|x86.ActiveCfg = Release|Any CPU
		{4D265818-09B8-4507-ABEA-F02FDF584E47}.Release|x86.Build.0 = Release|Any CPU
		{68759505-C0EE-4F6F-94F9-E5DAAAB1E2FC}.Debug|Any CPU.ActiveCfg = Debug|Any CPU
		{68759505-C0EE-4F6F-94F9-E5DAAAB1E2FC}.Debug|Any CPU.Build.0 = Debug|Any CPU
		{68759505-C0EE-4F6F-94F9-E5DAAAB1E2FC}.Debug|x64.ActiveCfg = Debug|Any CPU
		{68759505-C0EE-4F6F-94F9-E5DAAAB1E2FC}.Debug|x64.Build.0 = Debug|Any CPU
		{68759505-C0EE-4F6F-94F9-E5DAAAB1E2FC}.Debug|x86.ActiveCfg = Debug|Any CPU
		{68759505-C0EE-4F6F-94F9-E5DAAAB1E2FC}.Debug|x86.Build.0 = Debug|Any CPU
		{68759505-C0EE-4F6F-94F9-E5DAAAB1E2FC}.Release|Any CPU.ActiveCfg = Release|Any CPU
		{68759505-C0EE-4F6F-94F9-E5DAAAB1E2FC}.Release|Any CPU.Build.0 = Release|Any CPU
		{68759505-C0EE-4F6F-94F9-E5DAAAB1E2FC}.Release|x64.ActiveCfg = Release|Any CPU
		{68759505-C0EE-4F6F-94F9-E5DAAAB1E2FC}.Release|x64.Build.0 = Release|Any CPU
		{68759505-C0EE-4F6F-94F9-E5DAAAB1E2FC}.Release|x86.ActiveCfg = Release|Any CPU
		{68759505-C0EE-4F6F-94F9-E5DAAAB1E2FC}.Release|x86.Build.0 = Release|Any CPU
		{AA03DA27-2519-4B73-B29A-B7F33E415528}.Debug|Any CPU.ActiveCfg = Debug|Any CPU
		{AA03DA27-2519-4B73-B29A-B7F33E415528}.Debug|Any CPU.Build.0 = Debug|Any CPU
		{AA03DA27-2519-4B73-B29A-B7F33E415528}.Debug|x64.ActiveCfg = Debug|Any CPU
		{AA03DA27-2519-4B73-B29A-B7F33E415528}.Debug|x64.Build.0 = Debug|Any CPU
		{AA03DA27-2519-4B73-B29A-B7F33E415528}.Debug|x86.ActiveCfg = Debug|Any CPU
		{AA03DA27-2519-4B73-B29A-B7F33E415528}.Debug|x86.Build.0 = Debug|Any CPU
		{AA03DA27-2519-4B73-B29A-B7F33E415528}.Release|Any CPU.ActiveCfg = Release|Any CPU
		{AA03DA27-2519-4B73-B29A-B7F33E415528}.Release|Any CPU.Build.0 = Release|Any CPU
		{AA03DA27-2519-4B73-B29A-B7F33E415528}.Release|x64.ActiveCfg = Release|Any CPU
		{AA03DA27-2519-4B73-B29A-B7F33E415528}.Release|x64.Build.0 = Release|Any CPU
		{AA03DA27-2519-4B73-B29A-B7F33E415528}.Release|x86.ActiveCfg = Release|Any CPU
		{AA03DA27-2519-4B73-B29A-B7F33E415528}.Release|x86.Build.0 = Release|Any CPU
		{F57CEF23-1AFC-4146-B013-F6FE2BDA3621}.Debug|Any CPU.ActiveCfg = Debug|Any CPU
		{F57CEF23-1AFC-4146-B013-F6FE2BDA3621}.Debug|Any CPU.Build.0 = Debug|Any CPU
		{F57CEF23-1AFC-4146-B013-F6FE2BDA3621}.Debug|x64.ActiveCfg = Debug|Any CPU
		{F57CEF23-1AFC-4146-B013-F6FE2BDA3621}.Debug|x64.Build.0 = Debug|Any CPU
		{F57CEF23-1AFC-4146-B013-F6FE2BDA3621}.Debug|x86.ActiveCfg = Debug|Any CPU
		{F57CEF23-1AFC-4146-B013-F6FE2BDA3621}.Debug|x86.Build.0 = Debug|Any CPU
		{F57CEF23-1AFC-4146-B013-F6FE2BDA3621}.Release|Any CPU.ActiveCfg = Release|Any CPU
		{F57CEF23-1AFC-4146-B013-F6FE2BDA3621}.Release|Any CPU.Build.0 = Release|Any CPU
		{F57CEF23-1AFC-4146-B013-F6FE2BDA3621}.Release|x64.ActiveCfg = Release|Any CPU
		{F57CEF23-1AFC-4146-B013-F6FE2BDA3621}.Release|x64.Build.0 = Release|Any CPU
		{F57CEF23-1AFC-4146-B013-F6FE2BDA3621}.Release|x86.ActiveCfg = Release|Any CPU
		{F57CEF23-1AFC-4146-B013-F6FE2BDA3621}.Release|x86.Build.0 = Release|Any CPU
		{4E91FF7A-4A01-4ADA-A5E8-F63D60E4520C}.Debug|Any CPU.ActiveCfg = Debug|Any CPU
		{4E91FF7A-4A01-4ADA-A5E8-F63D60E4520C}.Debug|Any CPU.Build.0 = Debug|Any CPU
		{4E91FF7A-4A01-4ADA-A5E8-F63D60E4520C}.Debug|x64.ActiveCfg = Debug|Any CPU
		{4E91FF7A-4A01-4ADA-A5E8-F63D60E4520C}.Debug|x64.Build.0 = Debug|Any CPU
		{4E91FF7A-4A01-4ADA-A5E8-F63D60E4520C}.Debug|x86.ActiveCfg = Debug|Any CPU
		{4E91FF7A-4A01-4ADA-A5E8-F63D60E4520C}.Debug|x86.Build.0 = Debug|Any CPU
		{4E91FF7A-4A01-4ADA-A5E8-F63D60E4520C}.Release|Any CPU.ActiveCfg = Release|Any CPU
		{4E91FF7A-4A01-4ADA-A5E8-F63D60E4520C}.Release|Any CPU.Build.0 = Release|Any CPU
		{4E91FF7A-4A01-4ADA-A5E8-F63D60E4520C}.Release|x64.ActiveCfg = Release|Any CPU
		{4E91FF7A-4A01-4ADA-A5E8-F63D60E4520C}.Release|x64.Build.0 = Release|Any CPU
		{4E91FF7A-4A01-4ADA-A5E8-F63D60E4520C}.Release|x86.ActiveCfg = Release|Any CPU
		{4E91FF7A-4A01-4ADA-A5E8-F63D60E4520C}.Release|x86.Build.0 = Release|Any CPU
		{D1DA9BB8-A31F-5E76-AEF9-E74FC07EBD54}.Debug|Any CPU.ActiveCfg = Debug|Any CPU
		{D1DA9BB8-A31F-5E76-AEF9-E74FC07EBD54}.Debug|Any CPU.Build.0 = Debug|Any CPU
		{D1DA9BB8-A31F-5E76-AEF9-E74FC07EBD54}.Debug|x64.ActiveCfg = Debug|Any CPU
		{D1DA9BB8-A31F-5E76-AEF9-E74FC07EBD54}.Debug|x64.Build.0 = Debug|Any CPU
		{D1DA9BB8-A31F-5E76-AEF9-E74FC07EBD54}.Debug|x86.ActiveCfg = Debug|Any CPU
		{D1DA9BB8-A31F-5E76-AEF9-E74FC07EBD54}.Debug|x86.Build.0 = Debug|Any CPU
		{D1DA9BB8-A31F-5E76-AEF9-E74FC07EBD54}.Release|Any CPU.ActiveCfg = Release|Any CPU
		{D1DA9BB8-A31F-5E76-AEF9-E74FC07EBD54}.Release|Any CPU.Build.0 = Release|Any CPU
		{D1DA9BB8-A31F-5E76-AEF9-E74FC07EBD54}.Release|x64.ActiveCfg = Release|Any CPU
		{D1DA9BB8-A31F-5E76-AEF9-E74FC07EBD54}.Release|x64.Build.0 = Release|Any CPU
		{D1DA9BB8-A31F-5E76-AEF9-E74FC07EBD54}.Release|x86.ActiveCfg = Release|Any CPU
		{D1DA9BB8-A31F-5E76-AEF9-E74FC07EBD54}.Release|x86.Build.0 = Release|Any CPU
		{3A751856-CA45-4979-B044-E2F3281C6AFF}.Debug|Any CPU.ActiveCfg = Debug|Any CPU
		{3A751856-CA45-4979-B044-E2F3281C6AFF}.Debug|Any CPU.Build.0 = Debug|Any CPU
		{3A751856-CA45-4979-B044-E2F3281C6AFF}.Debug|x64.ActiveCfg = Debug|Any CPU
		{3A751856-CA45-4979-B044-E2F3281C6AFF}.Debug|x64.Build.0 = Debug|Any CPU
		{3A751856-CA45-4979-B044-E2F3281C6AFF}.Debug|x86.ActiveCfg = Debug|Any CPU
		{3A751856-CA45-4979-B044-E2F3281C6AFF}.Debug|x86.Build.0 = Debug|Any CPU
		{3A751856-CA45-4979-B044-E2F3281C6AFF}.Release|Any CPU.ActiveCfg = Release|Any CPU
		{3A751856-CA45-4979-B044-E2F3281C6AFF}.Release|Any CPU.Build.0 = Release|Any CPU
		{3A751856-CA45-4979-B044-E2F3281C6AFF}.Release|x64.ActiveCfg = Release|Any CPU
		{3A751856-CA45-4979-B044-E2F3281C6AFF}.Release|x64.Build.0 = Release|Any CPU
		{3A751856-CA45-4979-B044-E2F3281C6AFF}.Release|x86.ActiveCfg = Release|Any CPU
		{3A751856-CA45-4979-B044-E2F3281C6AFF}.Release|x86.Build.0 = Release|Any CPU
	EndGlobalSection
	GlobalSection(SolutionProperties) = preSolution
		HideSolutionNode = FALSE
	EndGlobalSection
	GlobalSection(NestedProjects) = preSolution
		{1526D96C-3DCC-D988-3E6C-ADC13780DF33} = {827E0CD3-B72D-47B6-A68D-7590B98EB39B}
		{1FBA6C63-7FB2-4D02-A0AA-ECF2C8EC309D} = {1526D96C-3DCC-D988-3E6C-ADC13780DF33}
		{8C1836D2-EB19-4E5E-9310-52037619843F} = {1526D96C-3DCC-D988-3E6C-ADC13780DF33}
		{7659ED97-4D68-4E70-A782-D6DED0FC9E13} = {1526D96C-3DCC-D988-3E6C-ADC13780DF33}
		{06B3C538-DFA3-43D1-88B1-49F0EC59DDDD} = {1526D96C-3DCC-D988-3E6C-ADC13780DF33}
		{B43EA651-866D-42C1-9BB4-94BDDBDD27CF} = {1526D96C-3DCC-D988-3E6C-ADC13780DF33}
		{98828C1A-96F5-4092-90CE-8E82B7AE854E} = {02EA681E-C7D8-13C7-8484-4AC65E1B71E8}
		{F159EB2B-A552-482F-BE3F-BC982E0898B1} = {02EA681E-C7D8-13C7-8484-4AC65E1B71E8}
		{1C21E628-44E7-440C-83B5-CDF2DE236824} = {02EA681E-C7D8-13C7-8484-4AC65E1B71E8}
		{DE9F1B63-F1E9-4E8D-BC2D-732AB41A7CC3} = {02EA681E-C7D8-13C7-8484-4AC65E1B71E8}
		{4D265818-09B8-4507-ABEA-F02FDF584E47} = {02EA681E-C7D8-13C7-8484-4AC65E1B71E8}
		{68759505-C0EE-4F6F-94F9-E5DAAAB1E2FC} = {6BB9E5B8-D8F4-476C-9AB3-FCEFEBF8F70A}
		{AA03DA27-2519-4B73-B29A-B7F33E415528} = {6BB9E5B8-D8F4-476C-9AB3-FCEFEBF8F70A}
		{F57CEF23-1AFC-4146-B013-F6FE2BDA3621} = {6BB9E5B8-D8F4-476C-9AB3-FCEFEBF8F70A}
		{4E91FF7A-4A01-4ADA-A5E8-F63D60E4520C} = {6BB9E5B8-D8F4-476C-9AB3-FCEFEBF8F70A}
		{02EA681E-C7D8-13C7-8484-4AC65E1B71E8} = {827E0CD3-B72D-47B6-A68D-7590B98EB39B}
		{6BB9E5B8-D8F4-476C-9AB3-FCEFEBF8F70A} = {827E0CD3-B72D-47B6-A68D-7590B98EB39B}
		{D1DA9BB8-A31F-5E76-AEF9-E74FC07EBD54} = {827E0CD3-B72D-47B6-A68D-7590B98EB39B}
		{3A751856-CA45-4979-B044-E2F3281C6AFF} = {6BB9E5B8-D8F4-476C-9AB3-FCEFEBF8F70A}
	EndGlobalSection
	GlobalSection(ExtensibilityGlobals) = postSolution
		SolutionGuid = {54CF768F-5A15-4FF1-9C47-EE9EEA6BC52D}
	EndGlobalSection
EndGlobal
